// !$*UTF8*$!
{
	archiveVersion = 1;
	classes = {
	};
	objectVersion = 50;
	objects = {

/* Begin PBXBuildFile section */
		F74BE8E924A8E6E50053D939 /* AppDelegate.swift in Sources */ = {isa = PBXBuildFile; fileRef = F74BE8E824A8E6E50053D939 /* AppDelegate.swift */; };
		F74BE8EB24A8E6E50053D939 /* SceneDelegate.swift in Sources */ = {isa = PBXBuildFile; fileRef = F74BE8EA24A8E6E50053D939 /* SceneDelegate.swift */; };
		F74BE8ED24A8E6E50053D939 /* ViewController.swift in Sources */ = {isa = PBXBuildFile; fileRef = F74BE8EC24A8E6E50053D939 /* ViewController.swift */; };
		F74BE8F024A8E6E50053D939 /* Main.storyboard in Resources */ = {isa = PBXBuildFile; fileRef = F74BE8EE24A8E6E50053D939 /* Main.storyboard */; };
		F74BE8F224A8E6E60053D939 /* Assets.xcassets in Resources */ = {isa = PBXBuildFile; fileRef = F74BE8F124A8E6E60053D939 /* Assets.xcassets */; };
		F74BE8F524A8E6E60053D939 /* LaunchScreen.storyboard in Resources */ = {isa = PBXBuildFile; fileRef = F74BE8F324A8E6E60053D939 /* LaunchScreen.storyboard */; };
/* End PBXBuildFile section */

/* Begin PBXFileReference section */
		F74BE8E524A8E6E50053D939 /* RemberMe.app */ = {isa = PBXFileReference; explicitFileType = wrapper.application; includeInIndex = 0; path = RemberMe.app; sourceTree = BUILT_PRODUCTS_DIR; };
		F74BE8E824A8E6E50053D939 /* AppDelegate.swift */ = {isa = PBXFileReference; lastKnownFileType = sourcecode.swift; path = AppDelegate.swift; sourceTree = "<group>"; };
		F74BE8EA24A8E6E50053D939 /* SceneDelegate.swift */ = {isa = PBXFileReference; lastKnownFileType = sourcecode.swift; path = SceneDelegate.swift; sourceTree = "<group>"; };
		F74BE8EC24A8E6E50053D939 /* ViewController.swift */ = {isa = PBXFileReference; lastKnownFileType = sourcecode.swift; path = ViewController.swift; sourceTree = "<group>"; };
		F74BE8EF24A8E6E50053D939 /* Base */ = {isa = PBXFileReference; lastKnownFileType = file.storyboard; name = Base; path = Base.lproj/Main.storyboard; sourceTree = "<group>"; };
		F74BE8F124A8E6E60053D939 /* Assets.xcassets */ = {isa = PBXFileReference; lastKnownFileType = folder.assetcatalog; path = Assets.xcassets; sourceTree = "<group>"; };
		F74BE8F424A8E6E60053D939 /* Base */ = {isa = PBXFileReference; lastKnownFileType = file.storyboard; name = Base; path = Base.lproj/LaunchScreen.storyboard; sourceTree = "<group>"; };
		F74BE8F624A8E6E60053D939 /* Info.plist */ = {isa = PBXFileReference; lastKnownFileType = text.plist.xml; path = Info.plist; sourceTree = "<group>"; };
/* End PBXFileReference section */

/* Begin PBXFrameworksBuildPhase section */
		F74BE8E224A8E6E50053D939 /* Frameworks */ = {
			isa = PBXFrameworksBuildPhase;
			buildActionMask = 2147483647;
			files = (
			);
			runOnlyForDeploymentPostprocessing = 0;
		};
/* End PBXFrameworksBuildPhase section */

/* Begin PBXGroup section */
		F74BE8DC24A8E6E50053D939 = {
			isa = PBXGroup;
			children = (
				F74BE8E724A8E6E50053D939 /* RemberMe */,
				F74BE8E624A8E6E50053D939 /* Products */,
			);
			sourceTree = "<group>";
		};
		F74BE8E624A8E6E50053D939 /* Products */ = {
			isa = PBXGroup;
			children = (
				F74BE8E524A8E6E50053D939 /* RemberMe.app */,
			);
			name = Products;
			sourceTree = "<group>";
		};
		F74BE8E724A8E6E50053D939 /* RemberMe */ = {
			isa = PBXGroup;
			children = (
				F74BE8E824A8E6E50053D939 /* AppDelegate.swift */,
				F74BE8EA24A8E6E50053D939 /* SceneDelegate.swift */,
				F74BE8EC24A8E6E50053D939 /* ViewController.swift */,
				F74BE8EE24A8E6E50053D939 /* Main.storyboard */,
				F74BE8F124A8E6E60053D939 /* Assets.xcassets */,
				F74BE8F324A8E6E60053D939 /* LaunchScreen.storyboard */,
				F74BE8F624A8E6E60053D939 /* Info.plist */,
			);
			path = RemberMe;
			sourceTree = "<group>";
		};
/* End PBXGroup section */

/* Begin PBXNativeTarget section */
		F74BE8E424A8E6E50053D939 /* RemberMe */ = {
			isa = PBXNativeTarget;
			buildConfigurationList = F74BE8F924A8E6E60053D939 /* Build configuration list for PBXNativeTarget "RemberMe" */;
			buildPhases = (
				F74BE8E124A8E6E50053D939 /* Sources */,
				F74BE8E224A8E6E50053D939 /* Frameworks */,
				F74BE8E324A8E6E50053D939 /* Resources */,
			);
			buildRules = (
			);
			dependencies = (
			);
			name = RemberMe;
			productName = RemberMe;
			productReference = F74BE8E524A8E6E50053D939 /* RemberMe.app */;
			productType = "com.apple.product-type.application";
		};
/* End PBXNativeTarget section */

/* Begin PBXProject section */
		F74BE8DD24A8E6E50053D939 /* Project object */ = {
			isa = PBXProject;
			attributes = {
				LastSwiftUpdateCheck = 1150;
				LastUpgradeCheck = 1150;
				ORGANIZATIONNAME = Thanyani;
				TargetAttributes = {
					F74BE8E424A8E6E50053D939 = {
						CreatedOnToolsVersion = 11.5;
					};
				};
			};
			buildConfigurationList = F74BE8E024A8E6E50053D939 /* Build configuration list for PBXProject "RemberMe" */;
			compatibilityVersion = "Xcode 9.3";
			developmentRegion = en;
			hasScannedForEncodings = 0;
			knownRegions = (
				en,
				Base,
			);
			mainGroup = F74BE8DC24A8E6E50053D939;
			productRefGroup = F74BE8E624A8E6E50053D939 /* Products */;
			projectDirPath = "";
			projectRoot = "";
			targets = (
				F74BE8E424A8E6E50053D939 /* RemberMe */,
			);
		};
/* End PBXProject section */

/* Begin PBXResourcesBuildPhase section */
		F74BE8E324A8E6E50053D939 /* Resources */ = {
			isa = PBXResourcesBuildPhase;
			buildActionMask = 2147483647;
			files = (
				F74BE8F524A8E6E60053D939 /* LaunchScreen.storyboard in Resources */,
				F74BE8F224A8E6E60053D939 /* Assets.xcassets in Resources */,
				F74BE8F024A8E6E50053D939 /* Main.storyboard in Resources */,
			);
			runOnlyForDeploymentPostprocessing = 0;
		};
/* End PBXResourcesBuildPhase section */

/* Begin PBXSourcesBuildPhase section */
		F74BE8E124A8E6E50053D939 /* Sources */ = {
			isa = PBXSourcesBuildPhase;
			buildActionMask = 2147483647;
			files = (
				F74BE8ED24A8E6E50053D939 /* ViewController.swift in Sources */,
				F74BE8E924A8E6E50053D939 /* AppDelegate.swift in Sources */,
				F74BE8EB24A8E6E50053D939 /* SceneDelegate.swift in Sources */,
			);
			runOnlyForDeploymentPostprocessing = 0;
		};
/* End PBXSourcesBuildPhase section */

/* Begin PBXVariantGroup section */
		F74BE8EE24A8E6E50053D939 /* Main.storyboard */ = {
			isa = PBXVariantGroup;
			children = (
				F74BE8EF24A8E6E50053D939 /* Base */,
			);
			name = Main.storyboard;
			sourceTree = "<group>";
		};
		F74BE8F324A8E6E60053D939 /* LaunchScreen.storyboard */ = {
			isa = PBXVariantGroup;
			children = (
				F74BE8F424A8E6E60053D939 /* Base */,
			);
			name = LaunchScreen.storyboard;
			sourceTree = "<group>";
		};
/* End PBXVariantGroup section */

/* Begin XCBuildConfiguration section */
		F74BE8F724A8E6E60053D939 /* Debug */ = {
			isa = XCBuildConfiguration;
			buildSettings = {
				ALWAYS_SEARCH_USER_PATHS = NO;
				CLANG_ANALYZER_NONNULL = YES;
				CLANG_ANALYZER_NUMBER_OBJECT_CONVERSION = YES_AGGRESSIVE;
				CLANG_CXX_LANGUAGE_STANDARD = "gnu++14";
				CLANG_CXX_LIBRARY = "libc++";
				CLANG_ENABLE_MODULES = YES;
				CLANG_ENABLE_OBJC_ARC = YES;
				CLANG_ENABLE_OBJC_WEAK = YES;
				CLANG_WARN_BLOCK_CAPTURE_AUTORELEASING = YES;
				CLANG_WARN_BOOL_CONVERSION = YES;
				CLANG_WARN_COMMA = YES;
				CLANG_WARN_CONSTANT_CONVERSION = YES;
				CLANG_WARN_DEPRECATED_OBJC_IMPLEMENTATIONS = YES;
				CLANG_WARN_DIRECT_OBJC_ISA_USAGE = YES_ERROR;
				CLANG_WARN_DOCUMENTATION_COMMENTS = YES;
				CLANG_WARN_EMPTY_BODY = YES;
				CLANG_WARN_ENUM_CONVERSION = YES;
				CLANG_WARN_INFINITE_RECURSION = YES;
				CLANG_WARN_INT_CONVERSION = YES;
				CLANG_WARN_NON_LITERAL_NULL_CONVERSION = YES;
				CLANG_WARN_OBJC_IMPLICIT_RETAIN_SELF = YES;
				CLANG_WARN_OBJC_LITERAL_CONVERSION = YES;
				CLANG_WARN_OBJC_ROOT_CLASS = YES_ERROR;
				CLANG_WARN_RANGE_LOOP_ANALYSIS = YES;
				CLANG_WARN_STRICT_PROTOTYPES = YES;
				CLANG_WARN_SUSPICIOUS_MOVE = YES;
				CLANG_WARN_UNGUARDED_AVAILABILITY = YES_AGGRESSIVE;
				CLANG_WARN_UNREACHABLE_CODE = YES;
				CLANG_WARN__DUPLICATE_METHOD_MATCH = YES;
				COPY_PHASE_STRIP = NO;
				DEBUG_INFORMATION_FORMAT = dwarf;
				ENABLE_STRICT_OBJC_MSGSEND = YES;
				ENABLE_TESTABILITY = YES;
				GCC_C_LANGUAGE_STANDARD = gnu11;
				GCC_DYNAMIC_NO_PIC = NO;
				GCC_NO_COMMON_BLOCKS = YES;
				GCC_OPTIMIZATION_LEVEL = 0;
				GCC_PREPROCESSOR_DEFINITIONS = (
					"DEBUG=1",
					"$(inherited)",
				);
				GCC_WARN_64_TO_32_BIT_CONVERSION = YES;
				GCC_WARN_ABOUT_RETURN_TYPE = YES_ERROR;
				GCC_WARN_UNDECLARED_SELECTOR = YES;
				GCC_WARN_UNINITIALIZED_AUTOS = YES_AGGRESSIVE;
				GCC_WARN_UNUSED_FUNCTION = YES;
				GCC_WARN_UNUSED_VARIABLE = YES;
				IPHONEOS_DEPLOYMENT_TARGET = 13.5;
				MTL_ENABLE_DEBUG_INFO = INCLUDE_SOURCE;
				MTL_FAST_MATH = YES;
				ONLY_ACTIVE_ARCH = YES;
				SDKROOT = iphoneos;
				SWIFT_ACTIVE_COMPILATION_CONDITIONS = DEBUG;
				SWIFT_OPTIMIZATION_LEVEL = "-Onone";
			};
			name = Debug;
		};
		F74BE8F824A8E6E60053D939 /* Release */ = {
			isa = XCBuildConfiguration;
			buildSettings = {
				ALWAYS_SEARCH_USER_PATHS = NO;
				CLANG_ANALYZER_NONNULL = YES;
				CLANG_ANALYZER_NUMBER_OBJECT_CONVERSION = YES_AGGRESSIVE;
				CLANG_CXX_LANGUAGE_STANDARD = "gnu++14";
				CLANG_CXX_LIBRARY = "libc++";
				CLANG_ENABLE_MODULES = YES;
				CLANG_ENABLE_OBJC_ARC = YES;
				CLANG_ENABLE_OBJC_WEAK = YES;
				CLANG_WARN_BLOCK_CAPTURE_AUTORELEASING = YES;
				CLANG_WARN_BOOL_CONVERSION = YES;
				CLANG_WARN_COMMA = YES;
				CLANG_WARN_CONSTANT_CONVERSION = YES;
				CLANG_WARN_DEPRECATED_OBJC_IMPLEMENTATIONS = YES;
				CLANG_WARN_DIRECT_OBJC_ISA_USAGE = YES_ERROR;
				CLANG_WARN_DOCUMENTATION_COMMENTS = YES;
				CLANG_WARN_EMPTY_BODY = YES;
				CLANG_WARN_ENUM_CONVERSION = YES;
				CLANG_WARN_INFINITE_RECURSION = YES;
				CLANG_WARN_INT_CONVERSION = YES;
				CLANG_WARN_NON_LITERAL_NULL_CONVERSION = YES;
				CLANG_WARN_OBJC_IMPLICIT_RETAIN_SELF = YES;
				CLANG_WARN_OBJC_LITERAL_CONVERSION = YES;
				CLANG_WARN_OBJC_ROOT_CLASS = YES_ERROR;
				CLANG_WARN_RANGE_LOOP_ANALYSIS = YES;
				CLANG_WARN_STRICT_PROTOTYPES = YES;
				CLANG_WARN_SUSPICIOUS_MOVE = YES;
				CLANG_WARN_UNGUARDED_AVAILABILITY = YES_AGGRESSIVE;
				CLANG_WARN_UNREACHABLE_CODE = YES;
				CLANG_WARN__DUPLICATE_METHOD_MATCH = YES;
				COPY_PHASE_STRIP = NO;
				DEBUG_INFORMATION_FORMAT = "dwarf-with-dsym";
				ENABLE_NS_ASSERTIONS = NO;
				ENABLE_STRICT_OBJC_MSGSEND = YES;
				GCC_C_LANGUAGE_STANDARD = gnu11;
				GCC_NO_COMMON_BLOCKS = YES;
				GCC_WARN_64_TO_32_BIT_CONVERSION = YES;
				GCC_WARN_ABOUT_RETURN_TYPE = YES_ERROR;
				GCC_WARN_UNDECLARED_SELECTOR = YES;
				GCC_WARN_UNINITIALIZED_AUTOS = YES_AGGRESSIVE;
				GCC_WARN_UNUSED_FUNCTION = YES;
				GCC_WARN_UNUSED_VARIABLE = YES;
				IPHONEOS_DEPLOYMENT_TARGET = 13.5;
				MTL_ENABLE_DEBUG_INFO = NO;
				MTL_FAST_MATH = YES;
				SDKROOT = iphoneos;
				SWIFT_COMPILATION_MODE = wholemodule;
				SWIFT_OPTIMIZATION_LEVEL = "-O";
				VALIDATE_PRODUCT = YES;
			};
			name = Release;
		};
		F74BE8FA24A8E6E60053D939 /* Debug */ = {
			isa = XCBuildConfiguration;
			buildSettings = {
				ASSETCATALOG_COMPILER_APPICON_NAME = AppIcon;
				CODE_SIGN_STYLE = Automatic;
				INFOPLIST_FILE = RemberMe/Info.plist;
				LD_RUNPATH_SEARCH_PATHS = (
					"$(inherited)",
					"@executable_path/Frameworks",
				);
				PRODUCT_BUNDLE_IDENTIFIER = com.thanyani.RemberMe;
				PRODUCT_NAME = "$(TARGET_NAME)";
				SWIFT_VERSION = 5.0;
				TARGETED_DEVICE_FAMILY = "1,2";
			};
			name = Debug;
		};
		F74BE8FB24A8E6E60053D939 /* Release */ = {
			isa = XCBuildConfiguration;
			buildSettings = {
				ASSETCATALOG_COMPILER_APPICON_NAME = AppIcon;
				CODE_SIGN_STYLE = Automatic;
				INFOPLIST_FILE = RemberMe/Info.plist;
				LD_RUNPATH_SEARCH_PATHS = (
					"$(inherited)",
					"@executable_path/Frameworks",
				);
				PRODUCT_BUNDLE_IDENTIFIER = com.thanyani.RemberMe;
				PRODUCT_NAME = "$(TARGET_NAME)";
				SWIFT_VERSION = 5.0;
				TARGETED_DEVICE_FAMILY = "1,2";
			};
			name = Release;
		};
/* End XCBuildConfiguration section */

/* Begin XCConfigurationList section */
		F74BE8E024A8E6E50053D939 /* Build configuration list for PBXProject "RemberMe" */ = {
			isa = XCConfigurationList;
			buildConfigurations = (
				F74BE8F724A8E6E60053D939 /* Debug */,
				F74BE8F824A8E6E60053D939 /* Release */,
			);
			defaultConfigurationIsVisible = 0;
			defaultConfigurationName = Release;
		};
		F74BE8F924A8E6E60053D939 /* Build configuration list for PBXNativeTarget "RemberMe" */ = {
			isa = XCConfigurationList;
			buildConfigurations = (
				F74BE8FA24A8E6E60053D939 /* Debug */,
				F74BE8FB24A8E6E60053D939 /* Release */,
			);
			defaultConfigurationIsVisible = 0;
			defaultConfigurationName = Release;
		};
/* End XCConfigurationList section */
	};
	rootObject = F74BE8DD24A8E6E50053D939 /* Project object */;
}
